
Microsoft Visual Studio Solution File, Format Version 12.00
# Visual Studio Version 17
VisualStudioVersion = 17.5.002.0
MinimumVisualStudioVersion = 10.0.40219.1
Project("{9A19103F-16F7-4668-BE54-9A1E7A4F7556}") = "ApiSQLstorebyte", "ApiSQLstorebyte.csproj", "{0116DF33-BE19-4685-9109-A91543275A1A}"
EndProject
Global
	GlobalSection(SolutionConfigurationPlatforms) = preSolution
		Debug|Any CPU = Debug|Any CPU
		Release|Any CPU = Release|Any CPU
	EndGlobalSection
	GlobalSection(ProjectConfigurationPlatforms) = postSolution
		{0116DF33-BE19-4685-9109-A91543275A1A}.Debug|Any CPU.ActiveCfg = Debug|Any CPU
		{0116DF33-BE19-4685-9109-A91543275A1A}.Debug|Any CPU.Build.0 = Debug|Any CPU
		{0116DF33-BE19-4685-9109-A91543275A1A}.Release|Any CPU.ActiveCfg = Release|Any CPU
		{0116DF33-BE19-4685-9109-A91543275A1A}.Release|Any CPU.Build.0 = Release|Any CPU
	EndGlobalSection
	GlobalSection(SolutionProperties) = preSolution
		HideSolutionNode = FALSE
	EndGlobalSection
	GlobalSection(ExtensibilityGlobals) = postSolution
		SolutionGuid = {8430DDC9-FC45-41A4-A21D-74BC146165F2}
	EndGlobalSection
EndGlobal
